// !$*UTF8*$!
{
	archiveVersion = 1;
	classes = {
	};
	objectVersion = 50;
	objects = {

/* Begin PBXBuildFile section */
		C8A451A52695952B000A6517 /* AppDelegate.swift in Sources */ = {isa = PBXBuildFile; fileRef = C8A451A42695952B000A6517 /* AppDelegate.swift */; };
		C8A451A72695952B000A6517 /* SceneDelegate.swift in Sources */ = {isa = PBXBuildFile; fileRef = C8A451A62695952B000A6517 /* SceneDelegate.swift */; };
		C8A451A92695952B000A6517 /* ViewController.swift in Sources */ = {isa = PBXBuildFile; fileRef = C8A451A82695952B000A6517 /* ViewController.swift */; };
		C8A451AC2695952B000A6517 /* Main.storyboard in Resources */ = {isa = PBXBuildFile; fileRef = C8A451AA2695952B000A6517 /* Main.storyboard */; };
		C8A451AE2695952C000A6517 /* Assets.xcassets in Resources */ = {isa = PBXBuildFile; fileRef = C8A451AD2695952C000A6517 /* Assets.xcassets */; };
		C8A451B12695952C000A6517 /* LaunchScreen.storyboard in Resources */ = {isa = PBXBuildFile; fileRef = C8A451AF2695952C000A6517 /* LaunchScreen.storyboard */; };
		C8A451BC269596F9000A6517 /* 3.png in Resources */ = {isa = PBXBuildFile; fileRef = C8A451B9269596F9000A6517 /* 3.png */; };
		C8A451BD269596F9000A6517 /* 2.png in Resources */ = {isa = PBXBuildFile; fileRef = C8A451BA269596F9000A6517 /* 2.png */; };
		C8A451BE269596F9000A6517 /* 1.png in Resources */ = {isa = PBXBuildFile; fileRef = C8A451BB269596F9000A6517 /* 1.png */; };
/* End PBXBuildFile section */

/* Begin PBXFileReference section */
		C8A451A12695952B000A6517 /* pickerView.app */ = {isa = PBXFileReference; explicitFileType = wrapper.application; includeInIndex = 0; path = pickerView.app; sourceTree = BUILT_PRODUCTS_DIR; };
		C8A451A42695952B000A6517 /* AppDelegate.swift */ = {isa = PBXFileReference; lastKnownFileType = sourcecode.swift; path = AppDelegate.swift; sourceTree = "<group>"; };
		C8A451A62695952B000A6517 /* SceneDelegate.swift */ = {isa = PBXFileReference; lastKnownFileType = sourcecode.swift; path = SceneDelegate.swift; sourceTree = "<group>"; };
		C8A451A82695952B000A6517 /* ViewController.swift */ = {isa = PBXFileReference; lastKnownFileType = sourcecode.swift; path = ViewController.swift; sourceTree = "<group>"; };
		C8A451AB2695952B000A6517 /* Base */ = {isa = PBXFileReference; lastKnownFileType = file.storyboard; name = Base; path = Base.lproj/Main.storyboard; sourceTree = "<group>"; };
		C8A451AD2695952C000A6517 /* Assets.xcassets */ = {isa = PBXFileReference; lastKnownFileType = folder.assetcatalog; path = Assets.xcassets; sourceTree = "<group>"; };
		C8A451B02695952C000A6517 /* Base */ = {isa = PBXFileReference; lastKnownFileType = file.storyboard; name = Base; path = Base.lproj/LaunchScreen.storyboard; sourceTree = "<group>"; };
		C8A451B22695952C000A6517 /* Info.plist */ = {isa = PBXFileReference; lastKnownFileType = text.plist.xml; path = Info.plist; sourceTree = "<group>"; };
		C8A451B9269596F9000A6517 /* 3.png */ = {isa = PBXFileReference; lastKnownFileType = image.png; path = 3.png; sourceTree = "<group>"; };
		C8A451BA269596F9000A6517 /* 2.png */ = {isa = PBXFileReference; lastKnownFileType = image.png; path = 2.png; sourceTree = "<group>"; };
		C8A451BB269596F9000A6517 /* 1.png */ = {isa = PBXFileReference; lastKnownFileType = image.png; path = 1.png; sourceTree = "<group>"; };
/* End PBXFileReference section */

/* Begin PBXFrameworksBuildPhase section */
		C8A4519E2695952B000A6517 /* Frameworks */ = {
			isa = PBXFrameworksBuildPhase;
			buildActionMask = 2147483647;
			files = (
			);
			runOnlyForDeploymentPostprocessing = 0;
		};
/* End PBXFrameworksBuildPhase section */

/* Begin PBXGroup section */
		C8A451982695952B000A6517 = {
			isa = PBXGroup;
			children = (
				C8A451A32695952B000A6517 /* pickerView */,
				C8A451A22695952B000A6517 /* Products */,
			);
			sourceTree = "<group>";
		};
		C8A451A22695952B000A6517 /* Products */ = {
			isa = PBXGroup;
			children = (
				C8A451A12695952B000A6517 /* pickerView.app */,
			);
			name = Products;
			sourceTree = "<group>";
		};
		C8A451A32695952B000A6517 /* pickerView */ = {
			isa = PBXGroup;
			children = (
				C8A451B826959588000A6517 /* images */,
				C8A451A42695952B000A6517 /* AppDelegate.swift */,
				C8A451A62695952B000A6517 /* SceneDelegate.swift */,
				C8A451A82695952B000A6517 /* ViewController.swift */,
				C8A451AA2695952B000A6517 /* Main.storyboard */,
				C8A451AD2695952C000A6517 /* Assets.xcassets */,
				C8A451AF2695952C000A6517 /* LaunchScreen.storyboard */,
				C8A451B22695952C000A6517 /* Info.plist */,
			);
			path = pickerView;
			sourceTree = "<group>";
		};
		C8A451B826959588000A6517 /* images */ = {
			isa = PBXGroup;
			children = (
				C8A451BB269596F9000A6517 /* 1.png */,
				C8A451BA269596F9000A6517 /* 2.png */,
				C8A451B9269596F9000A6517 /* 3.png */,
			);
			path = images;
			sourceTree = "<group>";
		};
/* End PBXGroup section */

/* Begin PBXNativeTarget section */
		C8A451A02695952B000A6517 /* pickerView */ = {
			isa = PBXNativeTarget;
			buildConfigurationList = C8A451B52695952C000A6517 /* Build configuration list for PBXNativeTarget "pickerView" */;
			buildPhases = (
				C8A4519D2695952B000A6517 /* Sources */,
				C8A4519E2695952B000A6517 /* Frameworks */,
				C8A4519F2695952B000A6517 /* Resources */,
			);
			buildRules = (
			);
			dependencies = (
			);
			name = pickerView;
			productName = pickerView;
			productReference = C8A451A12695952B000A6517 /* pickerView.app */;
			productType = "com.apple.product-type.application";
		};
/* End PBXNativeTarget section */

/* Begin PBXProject section */
		C8A451992695952B000A6517 /* Project object */ = {
			isa = PBXProject;
			attributes = {
				LastSwiftUpdateCheck = 1250;
				LastUpgradeCheck = 1250;
				TargetAttributes = {
					C8A451A02695952B000A6517 = {
						CreatedOnToolsVersion = 12.5.1;
					};
				};
			};
			buildConfigurationList = C8A4519C2695952B000A6517 /* Build configuration list for PBXProject "pickerView" */;
			compatibilityVersion = "Xcode 9.3";
			developmentRegion = en;
			hasScannedForEncodings = 0;
			knownRegions = (
				en,
				Base,
			);
			mainGroup = C8A451982695952B000A6517;
			productRefGroup = C8A451A22695952B000A6517 /* Products */;
			projectDirPath = "";
			projectRoot = "";
			targets = (
				C8A451A02695952B000A6517 /* pickerView */,
			);
		};
/* End PBXProject section */

/* Begin PBXResourcesBuildPhase section */
		C8A4519F2695952B000A6517 /* Resources */ = {
			isa = PBXResourcesBuildPhase;
			buildActionMask = 2147483647;
			files = (
				C8A451B12695952C000A6517 /* LaunchScreen.storyboard in Resources */,
				C8A451AE2695952C000A6517 /* Assets.xcassets in Resources */,
				C8A451AC2695952B000A6517 /* Main.storyboard in Resources */,
				C8A451BC269596F9000A6517 /* 3.png in Resources */,
				C8A451BD269596F9000A6517 /* 2.png in Resources */,
				C8A451BE269596F9000A6517 /* 1.png in Resources */,
			);
			runOnlyForDeploymentPostprocessing = 0;
		};
/* End PBXResourcesBuildPhase section */

/* Begin PBXSourcesBuildPhase section */
		C8A4519D2695952B000A6517 /* Sources */ = {
			isa = PBXSourcesBuildPhase;
			buildActionMask = 2147483647;
			files = (
				C8A451A92695952B000A6517 /* ViewController.swift in Sources */,
				C8A451A52695952B000A6517 /* AppDelegate.swift in Sources */,
				C8A451A72695952B000A6517 /* SceneDelegate.swift in Sources */,
			);
			runOnlyForDeploymentPostprocessing = 0;
		};
/* End PBXSourcesBuildPhase section */

/* Begin PBXVariantGroup section */
		C8A451AA2695952B000A6517 /* Main.storyboard */ = {
			isa = PBXVariantGroup;
			children = (
				C8A451AB2695952B000A6517 /* Base */,
			);
			name = Main.storyboard;
			sourceTree = "<group>";
		};
		C8A451AF2695952C000A6517 /* LaunchScreen.storyboard */ = {
			isa = PBXVariantGroup;
			children = (
				C8A451B02695952C000A6517 /* Base */,
			);
			name = LaunchScreen.storyboard;
			sourceTree = "<group>";
		};
/* End PBXVariantGroup section */

/* Begin XCBuildConfiguration section */
		C8A451B32695952C000A6517 /* Debug */ = {
			isa = XCBuildConfiguration;
			buildSettings = {
				ALWAYS_SEARCH_USER_PATHS = NO;
				CLANG_ANALYZER_NONNULL = YES;
				CLANG_ANALYZER_NUMBER_OBJECT_CONVERSION = YES_AGGRESSIVE;
				CLANG_CXX_LANGUAGE_STANDARD = "gnu++14";
				CLANG_CXX_LIBRARY = "libc++";
				CLANG_ENABLE_MODULES = YES;
				CLANG_ENABLE_OBJC_ARC = YES;
				CLANG_ENABLE_OBJC_WEAK = YES;
				CLANG_WARN_BLOCK_CAPTURE_AUTORELEASING = YES;
				CLANG_WARN_BOOL_CONVERSION = YES;
				CLANG_WARN_COMMA = YES;
				CLANG_WARN_CONSTANT_CONVERSION = YES;
				CLANG_WARN_DEPRECATED_OBJC_IMPLEMENTATIONS = YES;
				CLANG_WARN_DIRECT_OBJC_ISA_USAGE = YES_ERROR;
				CLANG_WARN_DOCUMENTATION_COMMENTS = YES;
				CLANG_WARN_EMPTY_BODY = YES;
				CLANG_WARN_ENUM_CONVERSION = YES;
				CLANG_WARN_INFINITE_RECURSION = YES;
				CLANG_WARN_INT_CONVERSION = YES;
				CLANG_WARN_NON_LITERAL_NULL_CONVERSION = YES;
				CLANG_WARN_OBJC_IMPLICIT_RETAIN_SELF = YES;
				CLANG_WARN_OBJC_LITERAL_CONVERSION = YES;
				CLANG_WARN_OBJC_ROOT_CLASS = YES_ERROR;
				CLANG_WARN_QUOTED_INCLUDE_IN_FRAMEWORK_HEADER = YES;
				CLANG_WARN_RANGE_LOOP_ANALYSIS = YES;
				CLANG_WARN_STRICT_PROTOTYPES = YES;
				CLANG_WARN_SUSPICIOUS_MOVE = YES;
				CLANG_WARN_UNGUARDED_AVAILABILITY = YES_AGGRESSIVE;
				CLANG_WARN_UNREACHABLE_CODE = YES;
				CLANG_WARN__DUPLICATE_METHOD_MATCH = YES;
				COPY_PHASE_STRIP = NO;
				DEBUG_INFORMATION_FORMAT = dwarf;
				ENABLE_STRICT_OBJC_MSGSEND = YES;
				ENABLE_TESTABILITY = YES;
				GCC_C_LANGUAGE_STANDARD = gnu11;
				GCC_DYNAMIC_NO_PIC = NO;
				GCC_NO_COMMON_BLOCKS = YES;
				GCC_OPTIMIZATION_LEVEL = 0;
				GCC_PREPROCESSOR_DEFINITIONS = (
					"DEBUG=1",
					"$(inherited)",
				);
				GCC_WARN_64_TO_32_BIT_CONVERSION = YES;
				GCC_WARN_ABOUT_RETURN_TYPE = YES_ERROR;
				GCC_WARN_UNDECLARED_SELECTOR = YES;
				GCC_WARN_UNINITIALIZED_AUTOS = YES_AGGRESSIVE;
				GCC_WARN_UNUSED_FUNCTION = YES;
				GCC_WARN_UNUSED_VARIABLE = YES;
				IPHONEOS_DEPLOYMENT_TARGET = 14.5;
				MTL_ENABLE_DEBUG_INFO = INCLUDE_SOURCE;
				MTL_FAST_MATH = YES;
				ONLY_ACTIVE_ARCH = YES;
				SDKROOT = iphoneos;
				SWIFT_ACTIVE_COMPILATION_CONDITIONS = DEBUG;
				SWIFT_OPTIMIZATION_LEVEL = "-Onone";
			};
			name = Debug;
		};
		C8A451B42695952C000A6517 /* Release */ = {
			isa = XCBuildConfiguration;
			buildSettings = {
				ALWAYS_SEARCH_USER_PATHS = NO;
				CLANG_ANALYZER_NONNULL = YES;
				CLANG_ANALYZER_NUMBER_OBJECT_CONVERSION = YES_AGGRESSIVE;
				CLANG_CXX_LANGUAGE_STANDARD = "gnu++14";
				CLANG_CXX_LIBRARY = "libc++";
				CLANG_ENABLE_MODULES = YES;
				CLANG_ENABLE_OBJC_ARC = YES;
				CLANG_ENABLE_OBJC_WEAK = YES;
				CLANG_WARN_BLOCK_CAPTURE_AUTORELEASING = YES;
				CLANG_WARN_BOOL_CONVERSION = YES;
				CLANG_WARN_COMMA = YES;
				CLANG_WARN_CONSTANT_CONVERSION = YES;
				CLANG_WARN_DEPRECATED_OBJC_IMPLEMENTATIONS = YES;
				CLANG_WARN_DIRECT_OBJC_ISA_USAGE = YES_ERROR;
				CLANG_WARN_DOCUMENTATION_COMMENTS = YES;
				CLANG_WARN_EMPTY_BODY = YES;
				CLANG_WARN_ENUM_CONVERSION = YES;
				CLANG_WARN_INFINITE_RECURSION = YES;
				CLANG_WARN_INT_CONVERSION = YES;
				CLANG_WARN_NON_LITERAL_NULL_CONVERSION = YES;
				CLANG_WARN_OBJC_IMPLICIT_RETAIN_SELF = YES;
				CLANG_WARN_OBJC_LITERAL_CONVERSION = YES;
				CLANG_WARN_OBJC_ROOT_CLASS = YES_ERROR;
				CLANG_WARN_QUOTED_INCLUDE_IN_FRAMEWORK_HEADER = YES;
				CLANG_WARN_RANGE_LOOP_ANALYSIS = YES;
				CLANG_WARN_STRICT_PROTOTYPES = YES;
				CLANG_WARN_SUSPICIOUS_MOVE = YES;
				CLANG_WARN_UNGUARDED_AVAILABILITY = YES_AGGRESSIVE;
				CLANG_WARN_UNREACHABLE_CODE = YES;
				CLANG_WARN__DUPLICATE_METHOD_MATCH = YES;
				COPY_PHASE_STRIP = NO;
				DEBUG_INFORMATION_FORMAT = "dwarf-with-dsym";
				ENABLE_NS_ASSERTIONS = NO;
				ENABLE_STRICT_OBJC_MSGSEND = YES;
				GCC_C_LANGUAGE_STANDARD = gnu11;
				GCC_NO_COMMON_BLOCKS = YES;
				GCC_WARN_64_TO_32_BIT_CONVERSION = YES;
				GCC_WARN_ABOUT_RETURN_TYPE = YES_ERROR;
				GCC_WARN_UNDECLARED_SELECTOR = YES;
				GCC_WARN_UNINITIALIZED_AUTOS = YES_AGGRESSIVE;
				GCC_WARN_UNUSED_FUNCTION = YES;
				GCC_WARN_UNUSED_VARIABLE = YES;
				IPHONEOS_DEPLOYMENT_TARGET = 14.5;
				MTL_ENABLE_DEBUG_INFO = NO;
				MTL_FAST_MATH = YES;
				SDKROOT = iphoneos;
				SWIFT_COMPILATION_MODE = wholemodule;
				SWIFT_OPTIMIZATION_LEVEL = "-O";
				VALIDATE_PRODUCT = YES;
			};
			name = Release;
		};
		C8A451B62695952C000A6517 /* Debug */ = {
			isa = XCBuildConfiguration;
			buildSettings = {
				ASSETCATALOG_COMPILER_APPICON_NAME = AppIcon;
				ASSETCATALOG_COMPILER_GLOBAL_ACCENT_COLOR_NAME = AccentColor;
				CODE_SIGN_STYLE = Automatic;
				DEVELOPMENT_TEAM = ZW43FFWC7M;
				INFOPLIST_FILE = pickerView/Info.plist;
				LD_RUNPATH_SEARCH_PATHS = (
					"$(inherited)",
					"@executable_path/Frameworks",
				);
				PRODUCT_BUNDLE_IDENTIFIER = PersonalTeam.pickerView;
				PRODUCT_NAME = "$(TARGET_NAME)";
				SWIFT_VERSION = 5.0;
				TARGETED_DEVICE_FAMILY = "1,2";
			};
			name = Debug;
		};
		C8A451B72695952C000A6517 /* Release */ = {
			isa = XCBuildConfiguration;
			buildSettings = {
				ASSETCATALOG_COMPILER_APPICON_NAME = AppIcon;
				ASSETCATALOG_COMPILER_GLOBAL_ACCENT_COLOR_NAME = AccentColor;
				CODE_SIGN_STYLE = Automatic;
				DEVELOPMENT_TEAM = ZW43FFWC7M;
				INFOPLIST_FILE = pickerView/Info.plist;
				LD_RUNPATH_SEARCH_PATHS = (
					"$(inherited)",
					"@executable_path/Frameworks",
				);
				PRODUCT_BUNDLE_IDENTIFIER = PersonalTeam.pickerView;
				PRODUCT_NAME = "$(TARGET_NAME)";
				SWIFT_VERSION = 5.0;
				TARGETED_DEVICE_FAMILY = "1,2";
			};
			name = Release;
		};
/* End XCBuildConfiguration section */

/* Begin XCConfigurationList section */
		C8A4519C2695952B000A6517 /* Build configuration list for PBXProject "pickerView" */ = {
			isa = XCConfigurationList;
			buildConfigurations = (
				C8A451B32695952C000A6517 /* Debug */,
				C8A451B42695952C000A6517 /* Release */,
			);
			defaultConfigurationIsVisible = 0;
			defaultConfigurationName = Release;
		};
		C8A451B52695952C000A6517 /* Build configuration list for PBXNativeTarget "pickerView" */ = {
			isa = XCConfigurationList;
			buildConfigurations = (
				C8A451B62695952C000A6517 /* Debug */,
				C8A451B72695952C000A6517 /* Release */,
			);
			defaultConfigurationIsVisible = 0;
			defaultConfigurationName = Release;
		};
/* End XCConfigurationList section */
	};
	rootObject = C8A451992695952B000A6517 /* Project object */;
}
